# This file was autogenerated by Stack.
# You should not edit this file by hand.
# For more information, please see the documentation at:
#   https://docs.haskellstack.org/en/stable/lock_files

packages:
- completed:
    hackage: roman-numerals-0.5.1.5@sha256:819d04d9d442b24629dd058f6f0b02bd78e9f9ae99538bc44ca448f1cb2b7b01,1208
    pantry-tree:
      size: 220
      sha256: 2154c0f4a11842593586dc1932e233cd8c802994763f7d3ce3e5916be8bc7ee5
  original:
    hackage: roman-numerals-0.5.1.5
snapshots:
- completed:
    size: 531237
    url: https://raw.githubusercontent.com/commercialhaskell/stackage-snapshots/master/lts/16/1.yaml
    sha256: 954b6b14b0c8130732cf4773f7ebb4efc9a44600d1a5265d142868bf93462bc6
  original: lts-16.1
